[[package]]
category = "main"
description = "Cross-platform colored terminal text."
name = "colorama"
optional = false
platform = "UNKNOWN"
python-versions = "*"
version = "0.3.9"

[[package]]
category = "main"
description = "A python library adding a json log formatter"
name = "python-json-logger"
optional = false
platform = "*"
python-versions = "*"
version = "0.1.9"

[package.dependencies]
setuptools = "*"

[[package]]
category = "main"
description = "Python 2 and 3 compatibility utilities"
name = "six"
optional = false
platform = "*"
python-versions = "*"
version = "1.11.0"

[[package]]
category = "main"
description = "Structured Logging for Python"
name = "structlog"
optional = false
platform = "*"
python-versions = "*"
version = "18.1.0"

[package.dependencies]
colorama = "*"
six = "*"

[metadata]
content-hash = "cd72cc18fe3c2403ac2c691f33330d7cc0d0581bc24a9388587f46b5d4395eeb"
platform = "*"
python-versions = "^3.6"

[metadata.hashes]
colorama = ["463f8483208e921368c9f306094eb6f725c6ca42b0f97e313cb5d5512459feda", "48eb22f4f8461b1df5734a074b57042430fb06e1d61bd1e11b078c0fe6d7a1f1"]
python-json-logger = ["a292e22c5e03105a05a746ade6209d43db1c4c763b91c75c8486e81d10904d85", "e3636824d35ba6a15fc39f573588cba63cf46322a5dc86fb2f280229077e9fbe"]
six = ["70e8a77beed4562e7f14fe23a786b54f6296e34344c23bc42f07b15018ff98e9", "832dc0e10feb1aa2c68dcc57dbb658f1c7e65b9b61af69048abc87a2db00a0eb"]
structlog = ["0b0d9b2e34c82d33f540252b9c8853c50521ccf7d7b5e2f30172a0850cba77dd", "ff1e7aae015b346060c03b1cc4a1f29d428de7d858eaf06ea93ee35ac51071a0"]
